
Microsoft Visual Studio Solution File, Format Version 12.00
# Visual Studio 14
VisualStudioVersion = 14.0.25420.1
MinimumVisualStudioVersion = 10.0.40219.1
Project("{FAE04EC0-301F-11D3-BF4B-00C04F79EFBC}") = "InfomationManagementCendrisWebApp", "InfomationManagementCendrisWebApp\InfomationManagementCendrisWebApp.csproj", "{4061F2E2-D913-4BD6-AF1E-8F76109FE66D}"
EndProject
Global
	GlobalSection(SolutionConfigurationPlatforms) = preSolution
		Debug|Any CPU = Debug|Any CPU
		Release|Any CPU = Release|Any CPU
	EndGlobalSection
	GlobalSection(ProjectConfigurationPlatforms) = postSolution
		{4061F2E2-D913-4BD6-AF1E-8F76109FE66D}.Debug|Any CPU.ActiveCfg = Debug|Any CPU
		{4061F2E2-D913-4BD6-AF1E-8F76109FE66D}.Debug|Any CPU.Build.0 = Debug|Any CPU
		{4061F2E2-D913-4BD6-AF1E-8F76109FE66D}.Release|Any CPU.ActiveCfg = Release|Any CPU
		{4061F2E2-D913-4BD6-AF1E-8F76109FE66D}.Release|Any CPU.Build.0 = Release|Any CPU
	EndGlobalSection
	GlobalSection(SolutionProperties) = preSolution
		HideSolutionNode = FALSE
	EndGlobalSection
EndGlobal
